
Microsoft Visual Studio Solution File, Format Version 12.00
# Visual Studio Version 17
VisualStudioVersion = 17.4.33213.308
MinimumVisualStudioVersion = 10.0.40219.1
Project("{9A19103F-16F7-4668-BE54-9A1E7A4F7556}") = "MiniResult", "MiniResult\MiniResult.csproj", "{7BFCF760-BDC8-4E27-8B75-B844FE6EE15D}"
EndProject
Project("{FAE04EC0-301F-11D3-BF4B-00C04F79EFBC}") = "Test", "Test\Test.csproj", "{7AFB81BA-61AE-447D-B327-0A3D3480A72D}"
EndProject
Global
	GlobalSection(SolutionConfigurationPlatforms) = preSolution
		Debug|Any CPU = Debug|Any CPU
		Release|Any CPU = Release|Any CPU
	EndGlobalSection
	GlobalSection(ProjectConfigurationPlatforms) = postSolution
		{7BFCF760-BDC8-4E27-8B75-B844FE6EE15D}.Debug|Any CPU.ActiveCfg = Debug|Any CPU
		{7BFCF760-BDC8-4E27-8B75-B844FE6EE15D}.Debug|Any CPU.Build.0 = Debug|Any CPU
		{7BFCF760-BDC8-4E27-8B75-B844FE6EE15D}.Release|Any CPU.ActiveCfg = Release|Any CPU
		{7BFCF760-BDC8-4E27-8B75-B844FE6EE15D}.Release|Any CPU.Build.0 = Release|Any CPU
		{7AFB81BA-61AE-447D-B327-0A3D3480A72D}.Debug|Any CPU.ActiveCfg = Debug|Any CPU
		{7AFB81BA-61AE-447D-B327-0A3D3480A72D}.Debug|Any CPU.Build.0 = Debug|Any CPU
		{7AFB81BA-61AE-447D-B327-0A3D3480A72D}.Release|Any CPU.ActiveCfg = Release|Any CPU
		{7AFB81BA-61AE-447D-B327-0A3D3480A72D}.Release|Any CPU.Build.0 = Release|Any CPU
	EndGlobalSection
	GlobalSection(SolutionProperties) = preSolution
		HideSolutionNode = FALSE
	EndGlobalSection
	GlobalSection(ExtensibilityGlobals) = postSolution
		SolutionGuid = {7BC934B6-CD8A-4529-98C0-FDAB3093FF93}
	EndGlobalSection
EndGlobal
